
Microsoft Visual Studio Solution File, Format Version 12.00
Project("{FAE04EC0-301F-11D3-BF4B-00C04F79EFBC}") = "API", "API\API.csproj", "{3E0C1B53-CD1B-4ACC-82F7-35397C82C8AE}"
EndProject
Project("{2150E333-8FDC-42A3-9474-1A3956D46DE8}") = "Solution Items", "Solution Items", "{8BF97DB6-5BCC-4BCC-9C7E-E292A1F1E9C4}"
	ProjectSection(SolutionItems) = preProject
		compose.yaml = compose.yaml
	EndProjectSection
EndProject
Project("{FAE04EC0-301F-11D3-BF4B-00C04F79EFBC}") = "Database", "Database\Database.csproj", "{6515954E-450A-483E-A883-039255B6D2F2}"
EndProject
Global
	GlobalSection(SolutionConfigurationPlatforms) = preSolution
		Debug|Any CPU = Debug|Any CPU
		Release|Any CPU = Release|Any CPU
	EndGlobalSection
	GlobalSection(ProjectConfigurationPlatforms) = postSolution
		{3E0C1B53-CD1B-4ACC-82F7-35397C82C8AE}.Debug|Any CPU.ActiveCfg = Debug|Any CPU
		{3E0C1B53-CD1B-4ACC-82F7-35397C82C8AE}.Debug|Any CPU.Build.0 = Debug|Any CPU
		{3E0C1B53-CD1B-4ACC-82F7-35397C82C8AE}.Release|Any CPU.ActiveCfg = Release|Any CPU
		{3E0C1B53-CD1B-4ACC-82F7-35397C82C8AE}.Release|Any CPU.Build.0 = Release|Any CPU
		{6515954E-450A-483E-A883-039255B6D2F2}.Debug|Any CPU.ActiveCfg = Debug|Any CPU
		{6515954E-450A-483E-A883-039255B6D2F2}.Debug|Any CPU.Build.0 = Debug|Any CPU
		{6515954E-450A-483E-A883-039255B6D2F2}.Release|Any CPU.ActiveCfg = Release|Any CPU
		{6515954E-450A-483E-A883-039255B6D2F2}.Release|Any CPU.Build.0 = Release|Any CPU
	EndGlobalSection
EndGlobal
